<?xml version="1.0" encoding="utf-8"?>
<Project ToolsVersion="4.0" xmlns="http://schemas.microsoft.com/developer/msbuild/2003">
  <ItemGroup>
    <Filter Include="Source Files">
      <UniqueIdentifier>{4FC737F1-C7A5-4376-A066-2A32D752A2FF}</UniqueIdentifier>
      <Extensions>cpp;c;cc;cxx;def;odl;idl;hpj;bat;asm;asmx</Extensions>
    </Filter>
    <Filter Include="Header Files">
      <UniqueIdentifier>{93995380-89BD-4b04-88EB-625FBE52EBFB}</UniqueIdentifier>
      <Extensions>h;hh;hpp;hxx;hm;inl;inc;ipp;xsd</Extensions>
    </Filter>
    <Filter Include="Resource Files">
      <UniqueIdentifier>{67DA6AB6-F800-4c08-8B7A-83BB121AAD01}</UniqueIdentifier>
      <Extensions>rc;ico;cur;bmp;dlg;rc2;rct;bin;rgs;gif;jpg;jpeg;jpe;resx;tiff;tif;png;wav;mfcribbon-ms</Extensions>
    </Filter>
    <Filter Include="Source Files\Test Loaders">
      <UniqueIdentifier>{bc0119b7-0c80-4b46-aed8-fadbb284b30f}</UniqueIdentifier>
    </Filter>
    <Filter Include="Source Files\List Tests">
      <UniqueIdentifier>{90184eee-c79c-4738-bc6c-0664a6a3548d}</UniqueIdentifier>
    </Filter>
    <Filter Include="Source Files\Dictionary Tests">
      <UniqueIdentifier>{566ccef0-daea-4111-a56a-f59502de93b5}</UniqueIdentifier>
    </Filter>
    <Filter Include="Header Files\Dictionary Tests">
      <UniqueIdentifier>{6e911ae5-da02-4f73-8d22-9020ec8238fd}</UniqueIdentifier>
    </Filter>
    <Filter Include="Header Files\List Tests">
      <UniqueIdentifier>{149eeb87-ff2a-4fa2-bca3-d572bb136758}</UniqueIdentifier>
    </Filter>
    <Filter Include="Header Files\Test Loaders">
      <UniqueIdentifier>{277a5cef-2e53-4f02-bef5-d0bf5b7f4d5b}</UniqueIdentifier>
    </Filter>
  </ItemGroup>
  <ItemGroup>
    <ClCompile Include="Main.cpp">
      <Filter>Source Files</Filter>
    </ClCompile>
    <ClCompile Include="Tests.cpp">
      <Filter>Source Files\Test Loaders</Filter>
    </ClCompile>
    <ClCompile Include="ListNodeTests.cpp">
      <Filter>Source Files\List Tests</Filter>
    </ClCompile>
    <ClCompile Include="ListTests.cpp">
      <Filter>Source Files\List Tests</Filter>
    </ClCompile>
    <ClCompile Include="Misc.cpp">
      <Filter>Source Files\Test Loaders</Filter>
    </ClCompile>
    <ClCompile Include="PairTests.cpp">
      <Filter>Source Files\Dictionary Tests</Filter>
    </ClCompile>
    <ClCompile Include="DictionaryTests.cpp">
      <Filter>Source Files\Dictionary Tests</Filter>
    </ClCompile>
  </ItemGroup>
  <ItemGroup>
    <ClInclude Include="Tests.h">
      <Filter>Header Files\Test Loaders</Filter>
    </ClInclude>
    <ClInclude Include="ListNodeTests.h">
      <Filter>Header Files\List Tests</Filter>
    </ClInclude>
    <ClInclude Include="ListTests.h">
      <Filter>Header Files\List Tests</Filter>
    </ClInclude>
    <ClInclude Include="PairTests.h">
      <Filter>Header Files\Dictionary Tests</Filter>
    </ClInclude>
    <ClInclude Include="Misc.h">
      <Filter>Header Files\Test Loaders</Filter>
    </ClInclude>
    <ClInclude Include="DictionaryTests.h">
      <Filter>Header Files\Dictionary Tests</Filter>
    </ClInclude>
  </ItemGroup>
</Project>